
Microsoft Visual Studio Solution File, Format Version 12.00
# Visual Studio 2013
VisualStudioVersion = 12.0.31101.0
MinimumVisualStudioVersion = 10.0.40219.1
Project("{FAE04EC0-301F-11D3-BF4B-00C04F79EFBC}") = "CodingTest.ComputerStore", "CodingTest.ComputerStore\CodingTest.ComputerStore.csproj", "{6FBF1256-57E6-4E02-8718-AD4854651F76}"
EndProject
Project("{FAE04EC0-301F-11D3-BF4B-00C04F79EFBC}") = "CodingTest.ComputerStoreTests", "CodingTest.ComputerStoreTests\CodingTest.ComputerStoreTests.csproj", "{7271B27A-39F3-4915-B067-2893C7865692}"
EndProject
Global
	GlobalSection(SolutionConfigurationPlatforms) = preSolution
		Debug|Any CPU = Debug|Any CPU
		Release|Any CPU = Release|Any CPU
	EndGlobalSection
	GlobalSection(ProjectConfigurationPlatforms) = postSolution
		{6FBF1256-57E6-4E02-8718-AD4854651F76}.Debug|Any CPU.ActiveCfg = Debug|Any CPU
		{6FBF1256-57E6-4E02-8718-AD4854651F76}.Debug|Any CPU.Build.0 = Debug|Any CPU
		{6FBF1256-57E6-4E02-8718-AD4854651F76}.Release|Any CPU.ActiveCfg = Release|Any CPU
		{6FBF1256-57E6-4E02-8718-AD4854651F76}.Release|Any CPU.Build.0 = Release|Any CPU
		{7271B27A-39F3-4915-B067-2893C7865692}.Debug|Any CPU.ActiveCfg = Debug|Any CPU
		{7271B27A-39F3-4915-B067-2893C7865692}.Debug|Any CPU.Build.0 = Debug|Any CPU
		{7271B27A-39F3-4915-B067-2893C7865692}.Release|Any CPU.ActiveCfg = Release|Any CPU
		{7271B27A-39F3-4915-B067-2893C7865692}.Release|Any CPU.Build.0 = Release|Any CPU
	EndGlobalSection
	GlobalSection(SolutionProperties) = preSolution
		HideSolutionNode = FALSE
	EndGlobalSection
EndGlobal
